
Microsoft Visual Studio Solution File, Format Version 12.00
# Visual Studio 2017
Project("{FAE04EC0-301F-11D3-BF4B-00C04F79EFBC}") = "my first game", "my first game.csproj", "{C5DAB84C-9D5B-5C9B-E74A-A993859EAB44}"
EndProject
Project("{FAE04EC0-301F-11D3-BF4B-00C04F79EFBC}") = "my first game.Plugins", "my first game.Plugins.csproj", "{EFAEDE91-9D7C-A026-9635-3087A66CE061}"
EndProject
Project("{FAE04EC0-301F-11D3-BF4B-00C04F79EFBC}") = "my first game.Editor.Plugins", "my first game.Editor.Plugins.csproj", "{15FCFA03-D271-A80B-2AE2-E4373B0766B8}"
EndProject
Project("{FAE04EC0-301F-11D3-BF4B-00C04F79EFBC}") = "my first game.Editor", "my first game.Editor.csproj", "{C9455660-5447-59BD-79D3-0316E65B98A0}"
EndProject
Global
	GlobalSection(SolutionConfigurationPlatforms) = preSolution
		Debug|Any CPU = Debug|Any CPU
		Release|Any CPU = Release|Any CPU
	EndGlobalSection
	GlobalSection(ProjectConfigurationPlatforms) = postSolution
		{C5DAB84C-9D5B-5C9B-E74A-A993859EAB44}.Debug|Any CPU.ActiveCfg = Debug|Any CPU
		{C5DAB84C-9D5B-5C9B-E74A-A993859EAB44}.Debug|Any CPU.Build.0 = Debug|Any CPU
		{C5DAB84C-9D5B-5C9B-E74A-A993859EAB44}.Release|Any CPU.ActiveCfg = Release|Any CPU
		{C5DAB84C-9D5B-5C9B-E74A-A993859EAB44}.Release|Any CPU.Build.0 = Release|Any CPU
		{EFAEDE91-9D7C-A026-9635-3087A66CE061}.Debug|Any CPU.ActiveCfg = Debug|Any CPU
		{EFAEDE91-9D7C-A026-9635-3087A66CE061}.Debug|Any CPU.Build.0 = Debug|Any CPU
		{EFAEDE91-9D7C-A026-9635-3087A66CE061}.Release|Any CPU.ActiveCfg = Release|Any CPU
		{EFAEDE91-9D7C-A026-9635-3087A66CE061}.Release|Any CPU.Build.0 = Release|Any CPU
		{15FCFA03-D271-A80B-2AE2-E4373B0766B8}.Debug|Any CPU.ActiveCfg = Debug|Any CPU
		{15FCFA03-D271-A80B-2AE2-E4373B0766B8}.Debug|Any CPU.Build.0 = Debug|Any CPU
		{15FCFA03-D271-A80B-2AE2-E4373B0766B8}.Release|Any CPU.ActiveCfg = Release|Any CPU
		{15FCFA03-D271-A80B-2AE2-E4373B0766B8}.Release|Any CPU.Build.0 = Release|Any CPU
		{C9455660-5447-59BD-79D3-0316E65B98A0}.Debug|Any CPU.ActiveCfg = Debug|Any CPU
		{C9455660-5447-59BD-79D3-0316E65B98A0}.Debug|Any CPU.Build.0 = Debug|Any CPU
		{C9455660-5447-59BD-79D3-0316E65B98A0}.Release|Any CPU.ActiveCfg = Release|Any CPU
		{C9455660-5447-59BD-79D3-0316E65B98A0}.Release|Any CPU.Build.0 = Release|Any CPU
	EndGlobalSection
	GlobalSection(SolutionProperties) = preSolution
		HideSolutionNode = FALSE
	EndGlobalSection
EndGlobal
